
Microsoft Visual Studio Solution File, Format Version 12.00
# Visual Studio Version 16
VisualStudioVersion = 16.0.31624.102
MinimumVisualStudioVersion = 10.0.40219.1
Project("{FAE04EC0-301F-11D3-BF4B-00C04F79EFBC}") = "RegistroDeUsuario", "RegistroDeUsuario.csproj", "{8B243200-1CEB-4A90-828D-F4E854AB52B8}"
EndProject
Global
	GlobalSection(SolutionConfigurationPlatforms) = preSolution
		Debug|Any CPU = Debug|Any CPU
		Release|Any CPU = Release|Any CPU
	EndGlobalSection
	GlobalSection(ProjectConfigurationPlatforms) = postSolution
		{8B243200-1CEB-4A90-828D-F4E854AB52B8}.Debug|Any CPU.ActiveCfg = Debug|Any CPU
		{8B243200-1CEB-4A90-828D-F4E854AB52B8}.Debug|Any CPU.Build.0 = Debug|Any CPU
		{8B243200-1CEB-4A90-828D-F4E854AB52B8}.Release|Any CPU.ActiveCfg = Release|Any CPU
		{8B243200-1CEB-4A90-828D-F4E854AB52B8}.Release|Any CPU.Build.0 = Release|Any CPU
	EndGlobalSection
	GlobalSection(SolutionProperties) = preSolution
		HideSolutionNode = FALSE
	EndGlobalSection
	GlobalSection(ExtensibilityGlobals) = postSolution
		SolutionGuid = {723022ED-8693-479D-B1DC-38ABD8710827}
	EndGlobalSection
EndGlobal
